
Microsoft Visual Studio Solution File, Format Version 12.00
# Visual Studio Version 17
VisualStudioVersion = 17.14.36401.2 d17.14
MinimumVisualStudioVersion = 10.0.40219.1
Project("{FAE04EC0-301F-11D3-BF4B-00C04F79EFBC}") = "Quala.Productos.API", "Quala.Productos.API.csproj", "{F13E4AC9-8043-47A2-AA11-F4FA5BF67A73}"
EndProject
Global
	GlobalSection(SolutionConfigurationPlatforms) = preSolution
		Debug|Any CPU = Debug|Any CPU
		Release|Any CPU = Release|Any CPU
	EndGlobalSection
	GlobalSection(ProjectConfigurationPlatforms) = postSolution
		{F13E4AC9-8043-47A2-AA11-F4FA5BF67A73}.Debug|Any CPU.ActiveCfg = Debug|Any CPU
		{F13E4AC9-8043-47A2-AA11-F4FA5BF67A73}.Debug|Any CPU.Build.0 = Debug|Any CPU
		{F13E4AC9-8043-47A2-AA11-F4FA5BF67A73}.Release|Any CPU.ActiveCfg = Release|Any CPU
		{F13E4AC9-8043-47A2-AA11-F4FA5BF67A73}.Release|Any CPU.Build.0 = Release|Any CPU
	EndGlobalSection
	GlobalSection(SolutionProperties) = preSolution
		HideSolutionNode = FALSE
	EndGlobalSection
	GlobalSection(ExtensibilityGlobals) = postSolution
		SolutionGuid = {05098B23-ECE5-468A-9A07-9B4D9003D724}
	EndGlobalSection
EndGlobal
